
Microsoft Visual Studio Solution File, Format Version 12.00
# Visual Studio 2017
Project("{FAE04EC0-301F-11D3-BF4B-00C04F79EFBC}") = "TempAR", "TempAR.csproj", "{BB4F2E51-19D9-5C5A-86A1-750D1E144663}"
EndProject
Project("{FAE04EC0-301F-11D3-BF4B-00C04F79EFBC}") = "TempAR.Editor", "TempAR.Editor.csproj", "{05D70758-C091-33E6-C1C1-C2AACCCAC9F8}"
EndProject
Global
	GlobalSection(SolutionConfigurationPlatforms) = preSolution
		Debug|Any CPU = Debug|Any CPU
		Release|Any CPU = Release|Any CPU
	EndGlobalSection
	GlobalSection(ProjectConfigurationPlatforms) = postSolution
		{BB4F2E51-19D9-5C5A-86A1-750D1E144663}.Debug|Any CPU.ActiveCfg = Debug|Any CPU
		{BB4F2E51-19D9-5C5A-86A1-750D1E144663}.Debug|Any CPU.Build.0 = Debug|Any CPU
		{BB4F2E51-19D9-5C5A-86A1-750D1E144663}.Release|Any CPU.ActiveCfg = Release|Any CPU
		{BB4F2E51-19D9-5C5A-86A1-750D1E144663}.Release|Any CPU.Build.0 = Release|Any CPU
		{05D70758-C091-33E6-C1C1-C2AACCCAC9F8}.Debug|Any CPU.ActiveCfg = Debug|Any CPU
		{05D70758-C091-33E6-C1C1-C2AACCCAC9F8}.Debug|Any CPU.Build.0 = Debug|Any CPU
		{05D70758-C091-33E6-C1C1-C2AACCCAC9F8}.Release|Any CPU.ActiveCfg = Release|Any CPU
		{05D70758-C091-33E6-C1C1-C2AACCCAC9F8}.Release|Any CPU.Build.0 = Release|Any CPU
	EndGlobalSection
	GlobalSection(SolutionProperties) = preSolution
		HideSolutionNode = FALSE
	EndGlobalSection
EndGlobal
